
Microsoft Visual Studio Solution File, Format Version 12.00
# Visual Studio Version 17
VisualStudioVersion = 17.9.34728.123
MinimumVisualStudioVersion = 10.0.40219.1
Project("{9A19103F-16F7-4668-BE54-9A1E7A4F7556}") = "EmitLogDirect", "EmitLogDirect.csproj", "{87C72115-FA33-4805-832C-07559B043A6F}"
EndProject
Global
	GlobalSection(SolutionConfigurationPlatforms) = preSolution
		Debug|Any CPU = Debug|Any CPU
		Release|Any CPU = Release|Any CPU
	EndGlobalSection
	GlobalSection(ProjectConfigurationPlatforms) = postSolution
		{87C72115-FA33-4805-832C-07559B043A6F}.Debug|Any CPU.ActiveCfg = Debug|Any CPU
		{87C72115-FA33-4805-832C-07559B043A6F}.Debug|Any CPU.Build.0 = Debug|Any CPU
		{87C72115-FA33-4805-832C-07559B043A6F}.Release|Any CPU.ActiveCfg = Release|Any CPU
		{87C72115-FA33-4805-832C-07559B043A6F}.Release|Any CPU.Build.0 = Release|Any CPU
	EndGlobalSection
	GlobalSection(SolutionProperties) = preSolution
		HideSolutionNode = FALSE
	EndGlobalSection
	GlobalSection(ExtensibilityGlobals) = postSolution
		SolutionGuid = {96F6E565-1EEA-41E6-893C-5C75C38C8470}
	EndGlobalSection
EndGlobal
