
Microsoft Visual Studio Solution File, Format Version 12.00
# Visual Studio Version 17
VisualStudioVersion = 17.10.35122.118
MinimumVisualStudioVersion = 10.0.40219.1
Project("{FAE04EC0-301F-11D3-BF4B-00C04F79EFBC}") = "Hangfire.Web", "Hangfire.Web\Hangfire.Web.csproj", "{6718F88B-B9BC-4775-8FC6-BC7A2F08E736}"
EndProject
Global
	GlobalSection(SolutionConfigurationPlatforms) = preSolution
		Debug|Any CPU = Debug|Any CPU
		Release|Any CPU = Release|Any CPU
	EndGlobalSection
	GlobalSection(ProjectConfigurationPlatforms) = postSolution
		{6718F88B-B9BC-4775-8FC6-BC7A2F08E736}.Debug|Any CPU.ActiveCfg = Debug|Any CPU
		{6718F88B-B9BC-4775-8FC6-BC7A2F08E736}.Debug|Any CPU.Build.0 = Debug|Any CPU
		{6718F88B-B9BC-4775-8FC6-BC7A2F08E736}.Release|Any CPU.ActiveCfg = Release|Any CPU
		{6718F88B-B9BC-4775-8FC6-BC7A2F08E736}.Release|Any CPU.Build.0 = Release|Any CPU
	EndGlobalSection
	GlobalSection(SolutionProperties) = preSolution
		HideSolutionNode = FALSE
	EndGlobalSection
	GlobalSection(ExtensibilityGlobals) = postSolution
		SolutionGuid = {55ECA14B-5E7D-4FC9-AE65-470D0E5E95FC}
	EndGlobalSection
EndGlobal
