
Microsoft Visual Studio Solution File, Format Version 12.00
# Visual Studio Version 17
VisualStudioVersion = 17.9.34728.123
MinimumVisualStudioVersion = 10.0.40219.1
Project("{9A19103F-16F7-4668-BE54-9A1E7A4F7556}") = "EmitLog", "EmitLog.csproj", "{0EF40DD0-CB73-49AC-950D-649CA36E44DF}"
EndProject
Global
	GlobalSection(SolutionConfigurationPlatforms) = preSolution
		Debug|Any CPU = Debug|Any CPU
		Release|Any CPU = Release|Any CPU
	EndGlobalSection
	GlobalSection(ProjectConfigurationPlatforms) = postSolution
		{0EF40DD0-CB73-49AC-950D-649CA36E44DF}.Debug|Any CPU.ActiveCfg = Debug|Any CPU
		{0EF40DD0-CB73-49AC-950D-649CA36E44DF}.Debug|Any CPU.Build.0 = Debug|Any CPU
		{0EF40DD0-CB73-49AC-950D-649CA36E44DF}.Release|Any CPU.ActiveCfg = Release|Any CPU
		{0EF40DD0-CB73-49AC-950D-649CA36E44DF}.Release|Any CPU.Build.0 = Release|Any CPU
	EndGlobalSection
	GlobalSection(SolutionProperties) = preSolution
		HideSolutionNode = FALSE
	EndGlobalSection
	GlobalSection(ExtensibilityGlobals) = postSolution
		SolutionGuid = {F7F6FFB1-9F6F-4034-BCD0-7C323201D29F}
	EndGlobalSection
EndGlobal
